code.byted.org/gopkg/context v0.0.0-20180305103152-469dc0c3bdd9 h1:jYt5Opa4GnHP8kjPAXDEGYi/+W0tJHqK6Dh52sdZckA=
code.byted.org/gopkg/context v0.0.0-20180305103152-469dc0c3bdd9/go.mod h1:QxW9l3Mb5p07iFoiCTpt22ykSQf/hqGtNXytjSeYEhc=
code.byted.org/gopkg/env v1.0.1 h1:7iEzeC/9hjyoM52GYRUKUwz3vR9xAp6F1x65YlwSsd8=
code.byted.org/gopkg/env v1.0.1/go.mod h1:PLRgKZpOvrV1gh7u2OqJXfDyvbn4ocFVyB3m30lVMTU=
code.byted.org/gopkg/logs v1.0.0 h1:qfRLVc0Jj5mBk0Sq5j2BcO6XAHi3TdZinFCuaTzUXmk=
code.byted.org/gopkg/logs v1.0.0/go.mod h1:0FvBDCrefeCuC0TctmmeJ4fM0rojtCOJTnwRKeYNh9I=
code.byted.org/gopkg/metrics v1.2.2 h1:JyFdA9OpkjIzk4hzK0ASdcudreDm0ULJuA9R6mF6Gew=
code.byted.org/gopkg/metrics v1.2.2/go.mod h1:8Egy2c99cbYGdlaDcgZUm33PGqvHfnZwsRR/O51RSSo=
code.byted.org/gopkg/net2 v0.0.0-20190909032550-a1a38f5e7631 h1:WT5yU0Xkog/XYgUPEx+sGCl/SVUG6MxtcuW3ROVz01k=
code.byted.org/gopkg/net2 v0.0.0-20190909032550-a1a38f5e7631/go.mod h1:RDo4suupud1KOGkXqZ887RNeQzNz4xIL89/DqViVObU=
code.byted.org/log_market/gosdk v0.0.0-20190726033332-5158c0119f35 h1:osYD/lKmFbQ0phoI++B3D6ZkwQVkaVt9LLtujxwk91M=
code.byted.org/log_market/gosdk v0.0.0-20190726033332-5158c0119f35/go.mod h1:NRonQUBJ+OqGoS6IVxqB4ojuDXuOAi76zVArL+OpIYI=
github.com/gogo/protobuf v1.3.0 h1:G8O7TerXerS4F6sx9OV7/nRfJdnXgHZu/S/7F2SN+UE=
github.com/gogo/protobuf v1.3.0/go.mod h1:SlYgWuQ5SjCEi6WLHjHCa1yvBfUnHcTbrrZtXPKa29o=
github.com/golang/protobuf v1.3.2 h1:6nsPYzhq5kReh6QImI3k5qWzO4PEbvbIW2cwSfR/6xs=
github.com/golang/protobuf v1.3.2/go.mod h1:6lQm79b+lXiMfvg/cZm0SGofjICqVBUtrP5yJMmIC1U=
github.com/juju/ratelimit v1.0.1 h1:+7AIFJVQ0EQgq/K9+0Krm7m530Du7tIz0METWzN0RgY=
github.com/juju/ratelimit v1.0.1/go.mod h1:qapgC/Gy+xNh9UxzV13HGGl/6UXNN+ct+vwSgWNm/qk=
github.com/kisielk/errcheck v1.2.0/go.mod h1:/BMXB+zMLi60iA8Vv6Ksmxu/1UDYcXs4uQLJ+jE2L00=
github.com/kisielk/gotool v1.0.0/go.mod h1:XhKaO+MFFWcvkIS/tQcRk01m1F5IRFswLeQ+oQHNcck=
golang.org/x/tools v0.0.0-20181030221726-6c7e314b6563/go.mod h1:n7NCudcB/nEzxVGmLbDWY5pfWTLqBcC2KZ6jyYvM4mQ=
